
Microsoft Visual Studio Solution File, Format Version 12.00
# Visual Studio Version 17
VisualStudioVersion = 17.11.35312.102
MinimumVisualStudioVersion = 10.0.40219.1
Project("{FAE04EC0-301F-11D3-BF4B-00C04F79EFBC}") = "TjuvOchPolis.KYH", "TjuvOchPolis.KYH\TjuvOchPolis.KYH.csproj", "{5E914637-9171-4B85-8BFF-89A407D9E537}"
EndProject
Global
	GlobalSection(SolutionConfigurationPlatforms) = preSolution
		Debug|Any CPU = Debug|Any CPU
		Release|Any CPU = Release|Any CPU
	EndGlobalSection
	GlobalSection(ProjectConfigurationPlatforms) = postSolution
		{5E914637-9171-4B85-8BFF-89A407D9E537}.Debug|Any CPU.ActiveCfg = Debug|Any CPU
		{5E914637-9171-4B85-8BFF-89A407D9E537}.Debug|Any CPU.Build.0 = Debug|Any CPU
		{5E914637-9171-4B85-8BFF-89A407D9E537}.Release|Any CPU.ActiveCfg = Release|Any CPU
		{5E914637-9171-4B85-8BFF-89A407D9E537}.Release|Any CPU.Build.0 = Release|Any CPU
	EndGlobalSection
	GlobalSection(SolutionProperties) = preSolution
		HideSolutionNode = FALSE
	EndGlobalSection
	GlobalSection(ExtensibilityGlobals) = postSolution
		SolutionGuid = {73B8BBFB-9FB6-46BC-BE05-EB44FB2CF67F}
	EndGlobalSection
EndGlobal
